
Microsoft Visual Studio Solution File, Format Version 12.00
# Visual Studio 2012
Project("{FAE04EC0-301F-11D3-BF4B-00C04F79EFBC}") = "AndropIt", "AndropIt\AndropIt.csproj", "{9016C665-E87F-4891-BCAA-CD5CBE3CFF80}"
EndProject
Project("{FAE04EC0-301F-11D3-BF4B-00C04F79EFBC}") = "AndropIt.Core", "AndropItCore\AndropIt.Core.csproj", "{7AD1AC85-BD52-416C-B471-D5E9B6669C2C}"
EndProject
Project("{2150E333-8FDC-42A3-9474-1A3956D46DE8}") = ".nuget", ".nuget", "{C1D6339D-D00D-4D6B-B686-D508DE08FBC0}"
	ProjectSection(SolutionItems) = preProject
		.nuget\NuGet.Config = .nuget\NuGet.Config
		.nuget\NuGet.exe = .nuget\NuGet.exe
		.nuget\NuGet.targets = .nuget\NuGet.targets
	EndProjectSection
EndProject
Project("{FAE04EC0-301F-11D3-BF4B-00C04F79EFBC}") = "AndropItWeb", "AndropItWeb\AndropItWeb.csproj", "{60825833-A612-47D2-BDCF-009EECE42136}"
EndProject
Project("{FAE04EC0-301F-11D3-BF4B-00C04F79EFBC}") = "AndropIt8", "AndropIt8\AndropIt8.csproj", "{51ACCCCB-FF1E-4E96-8B26-ED8A8615375B}"
EndProject
Global
	GlobalSection(SolutionConfigurationPlatforms) = preSolution
		Debug|Any CPU = Debug|Any CPU
		Debug|ARM = Debug|ARM
		Debug|x64 = Debug|x64
		Debug|x86 = Debug|x86
		Release|Any CPU = Release|Any CPU
		Release|ARM = Release|ARM
		Release|x64 = Release|x64
		Release|x86 = Release|x86
	EndGlobalSection
	GlobalSection(ProjectConfigurationPlatforms) = postSolution
		{9016C665-E87F-4891-BCAA-CD5CBE3CFF80}.Debug|Any CPU.ActiveCfg = Debug|Any CPU
		{9016C665-E87F-4891-BCAA-CD5CBE3CFF80}.Debug|Any CPU.Build.0 = Debug|Any CPU
		{9016C665-E87F-4891-BCAA-CD5CBE3CFF80}.Debug|ARM.ActiveCfg = Debug|Any CPU
		{9016C665-E87F-4891-BCAA-CD5CBE3CFF80}.Debug|x64.ActiveCfg = Debug|Any CPU
		{9016C665-E87F-4891-BCAA-CD5CBE3CFF80}.Debug|x86.ActiveCfg = Debug|Any CPU
		{9016C665-E87F-4891-BCAA-CD5CBE3CFF80}.Release|Any CPU.ActiveCfg = Release|Any CPU
		{9016C665-E87F-4891-BCAA-CD5CBE3CFF80}.Release|Any CPU.Build.0 = Release|Any CPU
		{9016C665-E87F-4891-BCAA-CD5CBE3CFF80}.Release|ARM.ActiveCfg = Release|Any CPU
		{9016C665-E87F-4891-BCAA-CD5CBE3CFF80}.Release|x64.ActiveCfg = Release|Any CPU
		{9016C665-E87F-4891-BCAA-CD5CBE3CFF80}.Release|x86.ActiveCfg = Release|Any CPU
		{7AD1AC85-BD52-416C-B471-D5E9B6669C2C}.Debug|Any CPU.ActiveCfg = Debug|Any CPU
		{7AD1AC85-BD52-416C-B471-D5E9B6669C2C}.Debug|Any CPU.Build.0 = Debug|Any CPU
		{7AD1AC85-BD52-416C-B471-D5E9B6669C2C}.Debug|ARM.ActiveCfg = Debug|Any CPU
		{7AD1AC85-BD52-416C-B471-D5E9B6669C2C}.Debug|x64.ActiveCfg = Debug|Any CPU
		{7AD1AC85-BD52-416C-B471-D5E9B6669C2C}.Debug|x86.ActiveCfg = Debug|Any CPU
		{7AD1AC85-BD52-416C-B471-D5E9B6669C2C}.Release|Any CPU.ActiveCfg = Release|Any CPU
		{7AD1AC85-BD52-416C-B471-D5E9B6669C2C}.Release|Any CPU.Build.0 = Release|Any CPU
		{7AD1AC85-BD52-416C-B471-D5E9B6669C2C}.Release|ARM.ActiveCfg = Release|Any CPU
		{7AD1AC85-BD52-416C-B471-D5E9B6669C2C}.Release|x64.ActiveCfg = Release|Any CPU
		{7AD1AC85-BD52-416C-B471-D5E9B6669C2C}.Release|x86.ActiveCfg = Release|Any CPU
		{60825833-A612-47D2-BDCF-009EECE42136}.Debug|Any CPU.ActiveCfg = Debug|Any CPU
		{60825833-A612-47D2-BDCF-009EECE42136}.Debug|Any CPU.Build.0 = Debug|Any CPU
		{60825833-A612-47D2-BDCF-009EECE42136}.Debug|ARM.ActiveCfg = Debug|Any CPU
		{60825833-A612-47D2-BDCF-009EECE42136}.Debug|x64.ActiveCfg = Debug|Any CPU
		{60825833-A612-47D2-BDCF-009EECE42136}.Debug|x86.ActiveCfg = Debug|Any CPU
		{60825833-A612-47D2-BDCF-009EECE42136}.Release|Any CPU.ActiveCfg = Release|Any CPU
		{60825833-A612-47D2-BDCF-009EECE42136}.Release|Any CPU.Build.0 = Release|Any CPU
		{60825833-A612-47D2-BDCF-009EECE42136}.Release|ARM.ActiveCfg = Release|Any CPU
		{60825833-A612-47D2-BDCF-009EECE42136}.Release|x64.ActiveCfg = Release|Any CPU
		{60825833-A612-47D2-BDCF-009EECE42136}.Release|x86.ActiveCfg = Release|Any CPU
		{51ACCCCB-FF1E-4E96-8B26-ED8A8615375B}.Debug|Any CPU.ActiveCfg = Debug|Any CPU
		{51ACCCCB-FF1E-4E96-8B26-ED8A8615375B}.Debug|Any CPU.Build.0 = Debug|Any CPU
		{51ACCCCB-FF1E-4E96-8B26-ED8A8615375B}.Debug|Any CPU.Deploy.0 = Debug|Any CPU
		{51ACCCCB-FF1E-4E96-8B26-ED8A8615375B}.Debug|ARM.ActiveCfg = Debug|ARM
		{51ACCCCB-FF1E-4E96-8B26-ED8A8615375B}.Debug|ARM.Build.0 = Debug|ARM
		{51ACCCCB-FF1E-4E96-8B26-ED8A8615375B}.Debug|ARM.Deploy.0 = Debug|ARM
		{51ACCCCB-FF1E-4E96-8B26-ED8A8615375B}.Debug|x64.ActiveCfg = Debug|x64
		{51ACCCCB-FF1E-4E96-8B26-ED8A8615375B}.Debug|x64.Build.0 = Debug|x64
		{51ACCCCB-FF1E-4E96-8B26-ED8A8615375B}.Debug|x64.Deploy.0 = Debug|x64
		{51ACCCCB-FF1E-4E96-8B26-ED8A8615375B}.Debug|x86.ActiveCfg = Debug|x86
		{51ACCCCB-FF1E-4E96-8B26-ED8A8615375B}.Debug|x86.Build.0 = Debug|x86
		{51ACCCCB-FF1E-4E96-8B26-ED8A8615375B}.Debug|x86.Deploy.0 = Debug|x86
		{51ACCCCB-FF1E-4E96-8B26-ED8A8615375B}.Release|Any CPU.ActiveCfg = Release|Any CPU
		{51ACCCCB-FF1E-4E96-8B26-ED8A8615375B}.Release|Any CPU.Build.0 = Release|Any CPU
		{51ACCCCB-FF1E-4E96-8B26-ED8A8615375B}.Release|Any CPU.Deploy.0 = Release|Any CPU
		{51ACCCCB-FF1E-4E96-8B26-ED8A8615375B}.Release|ARM.ActiveCfg = Release|ARM
		{51ACCCCB-FF1E-4E96-8B26-ED8A8615375B}.Release|ARM.Build.0 = Release|ARM
		{51ACCCCB-FF1E-4E96-8B26-ED8A8615375B}.Release|ARM.Deploy.0 = Release|ARM
		{51ACCCCB-FF1E-4E96-8B26-ED8A8615375B}.Release|x64.ActiveCfg = Release|x64
		{51ACCCCB-FF1E-4E96-8B26-ED8A8615375B}.Release|x64.Build.0 = Release|x64
		{51ACCCCB-FF1E-4E96-8B26-ED8A8615375B}.Release|x64.Deploy.0 = Release|x64
		{51ACCCCB-FF1E-4E96-8B26-ED8A8615375B}.Release|x86.ActiveCfg = Release|x86
		{51ACCCCB-FF1E-4E96-8B26-ED8A8615375B}.Release|x86.Build.0 = Release|x86
		{51ACCCCB-FF1E-4E96-8B26-ED8A8615375B}.Release|x86.Deploy.0 = Release|x86
	EndGlobalSection
	GlobalSection(SolutionProperties) = preSolution
		HideSolutionNode = FALSE
	EndGlobalSection
EndGlobal
